// !$*UTF8*$!
{
	archiveVersion = 1;
	classes = {
	};
	objectVersion = 46;
	objects = {

/* Begin PBXBuildFile section */
		1A005E9D1BF2B96B00C303CC /* GitHubService.swift in Sources */ = {isa = PBXBuildFile; fileRef = 1A005E9C1BF2B96B00C303CC /* GitHubService.swift */; };
		1A005E9F1BF2CD9500C303CC /* KeyChainService.swift in Sources */ = {isa = PBXBuildFile; fileRef = 1A005E9E1BF2CD9500C303CC /* KeyChainService.swift */; };
		1A00E0731BF14E6A00E15BF0 /* AppDelegate.swift in Sources */ = {isa = PBXBuildFile; fileRef = 1A00E0721BF14E6A00E15BF0 /* AppDelegate.swift */; };
		1A00E0781BF14E6A00E15BF0 /* Main.storyboard in Resources */ = {isa = PBXBuildFile; fileRef = 1A00E0761BF14E6A00E15BF0 /* Main.storyboard */; };
		1A00E07A1BF14E6A00E15BF0 /* Assets.xcassets in Resources */ = {isa = PBXBuildFile; fileRef = 1A00E0791BF14E6A00E15BF0 /* Assets.xcassets */; };
		1A00E07D1BF14E6A00E15BF0 /* LaunchScreen.storyboard in Resources */ = {isa = PBXBuildFile; fileRef = 1A00E07B1BF14E6A00E15BF0 /* LaunchScreen.storyboard */; };
		1A00E0881BF14E6A00E15BF0 /* GitHubClientTests.swift in Sources */ = {isa = PBXBuildFile; fileRef = 1A00E0871BF14E6A00E15BF0 /* GitHubClientTests.swift */; };
		1A00E0931BF14E6A00E15BF0 /* GitHubClientUITests.swift in Sources */ = {isa = PBXBuildFile; fileRef = 1A00E0921BF14E6A00E15BF0 /* GitHubClientUITests.swift */; };
		1A00E0A11BF1623500E15BF0 /* GithubOAuth.swift in Sources */ = {isa = PBXBuildFile; fileRef = 1A00E0A01BF1623500E15BF0 /* GithubOAuth.swift */; };
		1A77D6FF1BF3E7D9008B1978 /* User.swift in Sources */ = {isa = PBXBuildFile; fileRef = 1A77D6FE1BF3E7D9008B1978 /* User.swift */; };
		1A77D7011BF3E874008B1978 /* Owner.swift in Sources */ = {isa = PBXBuildFile; fileRef = 1A77D7001BF3E874008B1978 /* Owner.swift */; };
		1A77D7041BF3EA13008B1978 /* Repository.swift in Sources */ = {isa = PBXBuildFile; fileRef = 1A77D7031BF3EA13008B1978 /* Repository.swift */; };
		1A77D7061BF3EE7E008B1978 /* LoginViewController.swift in Sources */ = {isa = PBXBuildFile; fileRef = 1A77D7051BF3EE7E008B1978 /* LoginViewController.swift */; };
		1A77D7091BF43ADE008B1978 /* HomeViewController.swift in Sources */ = {isa = PBXBuildFile; fileRef = 1A77D7081BF43ADE008B1978 /* HomeViewController.swift */; };
		1A99F5E81BF9681200A91965 /* SearchUserViewController.swift in Sources */ = {isa = PBXBuildFile; fileRef = 1A99F5E71BF9681200A91965 /* SearchUserViewController.swift */; };
		1A99F5EA1BF968CA00A91965 /* SearchRepoViewController.swift in Sources */ = {isa = PBXBuildFile; fileRef = 1A99F5E91BF968CA00A91965 /* SearchRepoViewController.swift */; };
		1A99F5EC1BF99DE500A91965 /* CustomViewLayout.swift in Sources */ = {isa = PBXBuildFile; fileRef = 1A99F5EB1BF99DE500A91965 /* CustomViewLayout.swift */; };
		1A99F5EE1BF9A3E300A91965 /* UserCollectionViewCell.swift in Sources */ = {isa = PBXBuildFile; fileRef = 1A99F5ED1BF9A3E300A91965 /* UserCollectionViewCell.swift */; };
		1AD517F41BF535AB00036B6A /* UserModelParser.swift in Sources */ = {isa = PBXBuildFile; fileRef = 1AD517F31BF535AB00036B6A /* UserModelParser.swift */; };
		1AD7C7D21BFA61980081C96E /* ProfileViewController.swift in Sources */ = {isa = PBXBuildFile; fileRef = 1AD7C7D11BFA61980081C96E /* ProfileViewController.swift */; };
		1ADA9FF21BFC218000DDCA95 /* CustomModalTransition.swift in Sources */ = {isa = PBXBuildFile; fileRef = 1ADA9FF11BFC218000DDCA95 /* CustomModalTransition.swift */; };
/* End PBXBuildFile section */

/* Begin PBXContainerItemProxy section */
		1A00E0841BF14E6A00E15BF0 /* PBXContainerItemProxy */ = {
			isa = PBXContainerItemProxy;
			containerPortal = 1A00E0671BF14E6A00E15BF0 /* Project object */;
			proxyType = 1;
			remoteGlobalIDString = 1A00E06E1BF14E6A00E15BF0;
			remoteInfo = GitHubClient;
		};
		1A00E08F1BF14E6A00E15BF0 /* PBXContainerItemProxy */ = {
			isa = PBXContainerItemProxy;
			containerPortal = 1A00E0671BF14E6A00E15BF0 /* Project object */;
			proxyType = 1;
			remoteGlobalIDString = 1A00E06E1BF14E6A00E15BF0;
			remoteInfo = GitHubClient;
		};
/* End PBXContainerItemProxy section */

/* Begin PBXFileReference section */
		1A005E9C1BF2B96B00C303CC /* GitHubService.swift */ = {isa = PBXFileReference; fileEncoding = 4; lastKnownFileType = sourcecode.swift; path = GitHubService.swift; sourceTree = "<group>"; };
		1A005E9E1BF2CD9500C303CC /* KeyChainService.swift */ = {isa = PBXFileReference; fileEncoding = 4; lastKnownFileType = sourcecode.swift; path = KeyChainService.swift; sourceTree = "<group>"; };
		1A00E06F1BF14E6A00E15BF0 /* GitHubClient.app */ = {isa = PBXFileReference; explicitFileType = wrapper.application; includeInIndex = 0; path = GitHubClient.app; sourceTree = BUILT_PRODUCTS_DIR; };
		1A00E0721BF14E6A00E15BF0 /* AppDelegate.swift */ = {isa = PBXFileReference; lastKnownFileType = sourcecode.swift; path = AppDelegate.swift; sourceTree = "<group>"; };
		1A00E0771BF14E6A00E15BF0 /* Base */ = {isa = PBXFileReference; lastKnownFileType = file.storyboard; name = Base; path = Base.lproj/Main.storyboard; sourceTree = "<group>"; };
		1A00E0791BF14E6A00E15BF0 /* Assets.xcassets */ = {isa = PBXFileReference; lastKnownFileType = folder.assetcatalog; path = Assets.xcassets; sourceTree = "<group>"; };
		1A00E07C1BF14E6A00E15BF0 /* Base */ = {isa = PBXFileReference; lastKnownFileType = file.storyboard; name = Base; path = Base.lproj/LaunchScreen.storyboard; sourceTree = "<group>"; };
		1A00E07E1BF14E6A00E15BF0 /* Info.plist */ = {isa = PBXFileReference; lastKnownFileType = text.plist.xml; path = Info.plist; sourceTree = "<group>"; };
		1A00E0831BF14E6A00E15BF0 /* GitHubClientTests.xctest */ = {isa = PBXFileReference; explicitFileType = wrapper.cfbundle; includeInIndex = 0; path = GitHubClientTests.xctest; sourceTree = BUILT_PRODUCTS_DIR; };
		1A00E0871BF14E6A00E15BF0 /* GitHubClientTests.swift */ = {isa = PBXFileReference; lastKnownFileType = sourcecode.swift; path = GitHubClientTests.swift; sourceTree = "<group>"; };
		1A00E0891BF14E6A00E15BF0 /* Info.plist */ = {isa = PBXFileReference; lastKnownFileType = text.plist.xml; path = Info.plist; sourceTree = "<group>"; };
		1A00E08E1BF14E6A00E15BF0 /* GitHubClientUITests.xctest */ = {isa = PBXFileReference; explicitFileType = wrapper.cfbundle; includeInIndex = 0; path = GitHubClientUITests.xctest; sourceTree = BUILT_PRODUCTS_DIR; };
		1A00E0921BF14E6A00E15BF0 /* GitHubClientUITests.swift */ = {isa = PBXFileReference; lastKnownFileType = sourcecode.swift; path = GitHubClientUITests.swift; sourceTree = "<group>"; };
		1A00E0941BF14E6A00E15BF0 /* Info.plist */ = {isa = PBXFileReference; lastKnownFileType = text.plist.xml; path = Info.plist; sourceTree = "<group>"; };
		1A00E0A01BF1623500E15BF0 /* GithubOAuth.swift */ = {isa = PBXFileReference; fileEncoding = 4; lastKnownFileType = sourcecode.swift; path = GithubOAuth.swift; sourceTree = "<group>"; };
		1A77D6FE1BF3E7D9008B1978 /* User.swift */ = {isa = PBXFileReference; fileEncoding = 4; lastKnownFileType = sourcecode.swift; path = User.swift; sourceTree = "<group>"; };
		1A77D7001BF3E874008B1978 /* Owner.swift */ = {isa = PBXFileReference; fileEncoding = 4; lastKnownFileType = sourcecode.swift; path = Owner.swift; sourceTree = "<group>"; };
		1A77D7031BF3EA13008B1978 /* Repository.swift */ = {isa = PBXFileReference; fileEncoding = 4; lastKnownFileType = sourcecode.swift; name = Repository.swift; path = ../Repository.swift; sourceTree = "<group>"; };
		1A77D7051BF3EE7E008B1978 /* LoginViewController.swift */ = {isa = PBXFileReference; fileEncoding = 4; lastKnownFileType = sourcecode.swift; name = LoginViewController.swift; path = ../LoginViewController.swift; sourceTree = "<group>"; };
		1A77D7081BF43ADE008B1978 /* HomeViewController.swift */ = {isa = PBXFileReference; fileEncoding = 4; lastKnownFileType = sourcecode.swift; name = HomeViewController.swift; path = ../HomeViewController.swift; sourceTree = "<group>"; };
		1A99F5E41BF94FF400A91965 /* Base */ = {isa = PBXFileReference; lastKnownFileType = sourcecode.swift; name = Base; path = Base.lproj/Extensions.swift; sourceTree = "<group>"; };
		1A99F5E71BF9681200A91965 /* SearchUserViewController.swift */ = {isa = PBXFileReference; fileEncoding = 4; lastKnownFileType = sourcecode.swift; path = SearchUserViewController.swift; sourceTree = "<group>"; };
		1A99F5E91BF968CA00A91965 /* SearchRepoViewController.swift */ = {isa = PBXFileReference; fileEncoding = 4; lastKnownFileType = sourcecode.swift; name = SearchRepoViewController.swift; path = ../SearchRepoViewController.swift; sourceTree = "<group>"; };
		1A99F5EB1BF99DE500A91965 /* CustomViewLayout.swift */ = {isa = PBXFileReference; fileEncoding = 4; lastKnownFileType = sourcecode.swift; path = CustomViewLayout.swift; sourceTree = "<group>"; };
		1A99F5ED1BF9A3E300A91965 /* UserCollectionViewCell.swift */ = {isa = PBXFileReference; fileEncoding = 4; lastKnownFileType = sourcecode.swift; name = UserCollectionViewCell.swift; path = ../UserCollectionViewCell.swift; sourceTree = "<group>"; };
		1AD517F31BF535AB00036B6A /* UserModelParser.swift */ = {isa = PBXFileReference; fileEncoding = 4; lastKnownFileType = sourcecode.swift; path = UserModelParser.swift; sourceTree = "<group>"; };
		1AD7C7D11BFA61980081C96E /* ProfileViewController.swift */ = {isa = PBXFileReference; fileEncoding = 4; lastKnownFileType = sourcecode.swift; path = ProfileViewController.swift; sourceTree = "<group>"; };
		1ADA9FF11BFC218000DDCA95 /* CustomModalTransition.swift */ = {isa = PBXFileReference; fileEncoding = 4; lastKnownFileType = sourcecode.swift; path = CustomModalTransition.swift; sourceTree = "<group>"; };
/* End PBXFileReference section */

/* Begin PBXFrameworksBuildPhase section */
		1A00E06C1BF14E6A00E15BF0 /* Frameworks */ = {
			isa = PBXFrameworksBuildPhase;
			buildActionMask = 2147483647;
			files = (
			);
			runOnlyForDeploymentPostprocessing = 0;
		};
		1A00E0801BF14E6A00E15BF0 /* Frameworks */ = {
			isa = PBXFrameworksBuildPhase;
			buildActionMask = 2147483647;
			files = (
			);
			runOnlyForDeploymentPostprocessing = 0;
		};
		1A00E08B1BF14E6A00E15BF0 /* Frameworks */ = {
			isa = PBXFrameworksBuildPhase;
			buildActionMask = 2147483647;
			files = (
			);
			runOnlyForDeploymentPostprocessing = 0;
		};
/* End PBXFrameworksBuildPhase section */

/* Begin PBXGroup section */
		1A00E0661BF14E6A00E15BF0 = {
			isa = PBXGroup;
			children = (
				1A00E0711BF14E6A00E15BF0 /* GitHubClient */,
				1A00E0861BF14E6A00E15BF0 /* GitHubClientTests */,
				1A00E0911BF14E6A00E15BF0 /* GitHubClientUITests */,
				1A00E0701BF14E6A00E15BF0 /* Products */,
			);
			sourceTree = "<group>";
		};
		1A00E0701BF14E6A00E15BF0 /* Products */ = {
			isa = PBXGroup;
			children = (
				1A00E06F1BF14E6A00E15BF0 /* GitHubClient.app */,
				1A00E0831BF14E6A00E15BF0 /* GitHubClientTests.xctest */,
				1A00E08E1BF14E6A00E15BF0 /* GitHubClientUITests.xctest */,
			);
			name = Products;
			sourceTree = "<group>";
		};
		1A00E0711BF14E6A00E15BF0 /* GitHubClient */ = {
			isa = PBXGroup;
			children = (
				1A77D7071BF3FBB9008B1978 /* Controller */,
				1A77D7021BF3E8B6008B1978 /* Model */,
				1A00E0721BF14E6A00E15BF0 /* AppDelegate.swift */,
				1A99F5E31BF94FF400A91965 /* Extensions.swift */,
				1A005E9C1BF2B96B00C303CC /* GitHubService.swift */,
				1A005E9E1BF2CD9500C303CC /* KeyChainService.swift */,
				1A00E0A01BF1623500E15BF0 /* GithubOAuth.swift */,
				1A00E0761BF14E6A00E15BF0 /* Main.storyboard */,
				1A00E0791BF14E6A00E15BF0 /* Assets.xcassets */,
				1A00E07B1BF14E6A00E15BF0 /* LaunchScreen.storyboard */,
				1A00E07E1BF14E6A00E15BF0 /* Info.plist */,
			);
			path = GitHubClient;
			sourceTree = "<group>";
		};
		1A00E0861BF14E6A00E15BF0 /* GitHubClientTests */ = {
			isa = PBXGroup;
			children = (
				1A00E0871BF14E6A00E15BF0 /* GitHubClientTests.swift */,
				1A00E0891BF14E6A00E15BF0 /* Info.plist */,
			);
			path = GitHubClientTests;
			sourceTree = "<group>";
		};
		1A00E0911BF14E6A00E15BF0 /* GitHubClientUITests */ = {
			isa = PBXGroup;
			children = (
				1A00E0921BF14E6A00E15BF0 /* GitHubClientUITests.swift */,
				1A00E0941BF14E6A00E15BF0 /* Info.plist */,
			);
			path = GitHubClientUITests;
			sourceTree = "<group>";
		};
		1A77D7021BF3E8B6008B1978 /* Model */ = {
			isa = PBXGroup;
			children = (
				1A77D7031BF3EA13008B1978 /* Repository.swift */,
				1A77D7001BF3E874008B1978 /* Owner.swift */,
				1A77D6FE1BF3E7D9008B1978 /* User.swift */,
				1AD517F31BF535AB00036B6A /* UserModelParser.swift */,
			);
			name = Model;
			sourceTree = "<group>";
		};
		1A77D7071BF3FBB9008B1978 /* Controller */ = {
			isa = PBXGroup;
			children = (
				1AD7C7D11BFA61980081C96E /* ProfileViewController.swift */,
				1A99F5ED1BF9A3E300A91965 /* UserCollectionViewCell.swift */,
				1A99F5E71BF9681200A91965 /* SearchUserViewController.swift */,
				1ADA9FF11BFC218000DDCA95 /* CustomModalTransition.swift */,
				1A99F5EB1BF99DE500A91965 /* CustomViewLayout.swift */,
				1A99F5E91BF968CA00A91965 /* SearchRepoViewController.swift */,
				1A77D7081BF43ADE008B1978 /* HomeViewController.swift */,
				1A77D7051BF3EE7E008B1978 /* LoginViewController.swift */,
			);
			name = Controller;
			sourceTree = "<group>";
		};
/* End PBXGroup section */

/* Begin PBXNativeTarget section */
		1A00E06E1BF14E6A00E15BF0 /* GitHubClient */ = {
			isa = PBXNativeTarget;
			buildConfigurationList = 1A00E0971BF14E6A00E15BF0 /* Build configuration list for PBXNativeTarget "GitHubClient" */;
			buildPhases = (
				1A00E06B1BF14E6A00E15BF0 /* Sources */,
				1A00E06C1BF14E6A00E15BF0 /* Frameworks */,
				1A00E06D1BF14E6A00E15BF0 /* Resources */,
			);
			buildRules = (
			);
			dependencies = (
			);
			name = GitHubClient;
			productName = GitHubClient;
			productReference = 1A00E06F1BF14E6A00E15BF0 /* GitHubClient.app */;
			productType = "com.apple.product-type.application";
		};
		1A00E0821BF14E6A00E15BF0 /* GitHubClientTests */ = {
			isa = PBXNativeTarget;
			buildConfigurationList = 1A00E09A1BF14E6A00E15BF0 /* Build configuration list for PBXNativeTarget "GitHubClientTests" */;
			buildPhases = (
				1A00E07F1BF14E6A00E15BF0 /* Sources */,
				1A00E0801BF14E6A00E15BF0 /* Frameworks */,
				1A00E0811BF14E6A00E15BF0 /* Resources */,
			);
			buildRules = (
			);
			dependencies = (
				1A00E0851BF14E6A00E15BF0 /* PBXTargetDependency */,
			);
			name = GitHubClientTests;
			productName = GitHubClientTests;
			productReference = 1A00E0831BF14E6A00E15BF0 /* GitHubClientTests.xctest */;
			productType = "com.apple.product-type.bundle.unit-test";
		};
		1A00E08D1BF14E6A00E15BF0 /* GitHubClientUITests */ = {
			isa = PBXNativeTarget;
			buildConfigurationList = 1A00E09D1BF14E6A00E15BF0 /* Build configuration list for PBXNativeTarget "GitHubClientUITests" */;
			buildPhases = (
				1A00E08A1BF14E6A00E15BF0 /* Sources */,
				1A00E08B1BF14E6A00E15BF0 /* Frameworks */,
				1A00E08C1BF14E6A00E15BF0 /* Resources */,
			);
			buildRules = (
			);
			dependencies = (
				1A00E0901BF14E6A00E15BF0 /* PBXTargetDependency */,
			);
			name = GitHubClientUITests;
			productName = GitHubClientUITests;
			productReference = 1A00E08E1BF14E6A00E15BF0 /* GitHubClientUITests.xctest */;
			productType = "com.apple.product-type.bundle.ui-testing";
		};
/* End PBXNativeTarget section */

/* Begin PBXProject section */
		1A00E0671BF14E6A00E15BF0 /* Project object */ = {
			isa = PBXProject;
			attributes = {
				LastSwiftUpdateCheck = 0710;
				LastUpgradeCheck = 0710;
				ORGANIZATIONNAME = "Lynn Kuhlman";
				TargetAttributes = {
					1A00E06E1BF14E6A00E15BF0 = {
						CreatedOnToolsVersion = 7.1;
					};
					1A00E0821BF14E6A00E15BF0 = {
						CreatedOnToolsVersion = 7.1;
						TestTargetID = 1A00E06E1BF14E6A00E15BF0;
					};
					1A00E08D1BF14E6A00E15BF0 = {
						CreatedOnToolsVersion = 7.1;
						TestTargetID = 1A00E06E1BF14E6A00E15BF0;
					};
				};
			};
			buildConfigurationList = 1A00E06A1BF14E6A00E15BF0 /* Build configuration list for PBXProject "GitHubClient" */;
			compatibilityVersion = "Xcode 3.2";
			developmentRegion = English;
			hasScannedForEncodings = 0;
			knownRegions = (
				en,
				Base,
			);
			mainGroup = 1A00E0661BF14E6A00E15BF0;
			productRefGroup = 1A00E0701BF14E6A00E15BF0 /* Products */;
			projectDirPath = "";
			projectRoot = "";
			targets = (
				1A00E06E1BF14E6A00E15BF0 /* GitHubClient */,
				1A00E0821BF14E6A00E15BF0 /* GitHubClientTests */,
				1A00E08D1BF14E6A00E15BF0 /* GitHubClientUITests */,
			);
		};
/* End PBXProject section */

/* Begin PBXResourcesBuildPhase section */
		1A00E06D1BF14E6A00E15BF0 /* Resources */ = {
			isa = PBXResourcesBuildPhase;
			buildActionMask = 2147483647;
			files = (
				1A00E07D1BF14E6A00E15BF0 /* LaunchScreen.storyboard in Resources */,
				1A00E07A1BF14E6A00E15BF0 /* Assets.xcassets in Resources */,
				1A00E0781BF14E6A00E15BF0 /* Main.storyboard in Resources */,
			);
			runOnlyForDeploymentPostprocessing = 0;
		};
		1A00E0811BF14E6A00E15BF0 /* Resources */ = {
			isa = PBXResourcesBuildPhase;
			buildActionMask = 2147483647;
			files = (
			);
			runOnlyForDeploymentPostprocessing = 0;
		};
		1A00E08C1BF14E6A00E15BF0 /* Resources */ = {
			isa = PBXResourcesBuildPhase;
			buildActionMask = 2147483647;
			files = (
			);
			runOnlyForDeploymentPostprocessing = 0;
		};
/* End PBXResourcesBuildPhase section */

/* Begin PBXSourcesBuildPhase section */
		1A00E06B1BF14E6A00E15BF0 /* Sources */ = {
			isa = PBXSourcesBuildPhase;
			buildActionMask = 2147483647;
			files = (
				1A77D7061BF3EE7E008B1978 /* LoginViewController.swift in Sources */,
				1A99F5E81BF9681200A91965 /* SearchUserViewController.swift in Sources */,
				1A00E0A11BF1623500E15BF0 /* GithubOAuth.swift in Sources */,
				1A77D7011BF3E874008B1978 /* Owner.swift in Sources */,
				1A99F5EA1BF968CA00A91965 /* SearchRepoViewController.swift in Sources */,
				1A99F5EE1BF9A3E300A91965 /* UserCollectionViewCell.swift in Sources */,
				1A77D7041BF3EA13008B1978 /* Repository.swift in Sources */,
				1AD517F41BF535AB00036B6A /* UserModelParser.swift in Sources */,
				1A77D6FF1BF3E7D9008B1978 /* User.swift in Sources */,
				1ADA9FF21BFC218000DDCA95 /* CustomModalTransition.swift in Sources */,
				1A77D7091BF43ADE008B1978 /* HomeViewController.swift in Sources */,
				1A005E9F1BF2CD9500C303CC /* KeyChainService.swift in Sources */,
				1A005E9D1BF2B96B00C303CC /* GitHubService.swift in Sources */,
				1AD7C7D21BFA61980081C96E /* ProfileViewController.swift in Sources */,
				1A00E0731BF14E6A00E15BF0 /* AppDelegate.swift in Sources */,
				1A99F5EC1BF99DE500A91965 /* CustomViewLayout.swift in Sources */,
			);
			runOnlyForDeploymentPostprocessing = 0;
		};
		1A00E07F1BF14E6A00E15BF0 /* Sources */ = {
			isa = PBXSourcesBuildPhase;
			buildActionMask = 2147483647;
			files = (
				1A00E0881BF14E6A00E15BF0 /* GitHubClientTests.swift in Sources */,
			);
			runOnlyForDeploymentPostprocessing = 0;
		};
		1A00E08A1BF14E6A00E15BF0 /* Sources */ = {
			isa = PBXSourcesBuildPhase;
			buildActionMask = 2147483647;
			files = (
				1A00E0931BF14E6A00E15BF0 /* GitHubClientUITests.swift in Sources */,
			);
			runOnlyForDeploymentPostprocessing = 0;
		};
/* End PBXSourcesBuildPhase section */

/* Begin PBXTargetDependency section */
		1A00E0851BF14E6A00E15BF0 /* PBXTargetDependency */ = {
			isa = PBXTargetDependency;
			target = 1A00E06E1BF14E6A00E15BF0 /* GitHubClient */;
			targetProxy = 1A00E0841BF14E6A00E15BF0 /* PBXContainerItemProxy */;
		};
		1A00E0901BF14E6A00E15BF0 /* PBXTargetDependency */ = {
			isa = PBXTargetDependency;
			target = 1A00E06E1BF14E6A00E15BF0 /* GitHubClient */;
			targetProxy = 1A00E08F1BF14E6A00E15BF0 /* PBXContainerItemProxy */;
		};
/* End PBXTargetDependency section */

/* Begin PBXVariantGroup section */
		1A00E0761BF14E6A00E15BF0 /* Main.storyboard */ = {
			isa = PBXVariantGroup;
			children = (
				1A00E0771BF14E6A00E15BF0 /* Base */,
			);
			name = Main.storyboard;
			sourceTree = "<group>";
		};
		1A00E07B1BF14E6A00E15BF0 /* LaunchScreen.storyboard */ = {
			isa = PBXVariantGroup;
			children = (
				1A00E07C1BF14E6A00E15BF0 /* Base */,
			);
			name = LaunchScreen.storyboard;
			sourceTree = "<group>";
		};
		1A99F5E31BF94FF400A91965 /* Extensions.swift */ = {
			isa = PBXVariantGroup;
			children = (
				1A99F5E41BF94FF400A91965 /* Base */,
			);
			name = Extensions.swift;
			sourceTree = "<group>";
		};
/* End PBXVariantGroup section */

/* Begin XCBuildConfiguration section */
		1A00E0951BF14E6A00E15BF0 /* Debug */ = {
			isa = XCBuildConfiguration;
			buildSettings = {
				ALWAYS_SEARCH_USER_PATHS = NO;
				CLANG_CXX_LANGUAGE_STANDARD = "gnu++0x";
				CLANG_CXX_LIBRARY = "libc++";
				CLANG_ENABLE_MODULES = YES;
				CLANG_ENABLE_OBJC_ARC = YES;
				CLANG_WARN_BOOL_CONVERSION = YES;
				CLANG_WARN_CONSTANT_CONVERSION = YES;
				CLANG_WARN_DIRECT_OBJC_ISA_USAGE = YES_ERROR;
				CLANG_WARN_EMPTY_BODY = YES;
				CLANG_WARN_ENUM_CONVERSION = YES;
				CLANG_WARN_INT_CONVERSION = YES;
				CLANG_WARN_OBJC_ROOT_CLASS = YES_ERROR;
				CLANG_WARN_UNREACHABLE_CODE = YES;
				CLANG_WARN__DUPLICATE_METHOD_MATCH = YES;
				"CODE_SIGN_IDENTITY[sdk=iphoneos*]" = "iPhone Developer";
				COPY_PHASE_STRIP = NO;
				DEBUG_INFORMATION_FORMAT = dwarf;
				ENABLE_STRICT_OBJC_MSGSEND = YES;
				ENABLE_TESTABILITY = YES;
				GCC_C_LANGUAGE_STANDARD = gnu99;
				GCC_DYNAMIC_NO_PIC = NO;
				GCC_NO_COMMON_BLOCKS = YES;
				GCC_OPTIMIZATION_LEVEL = 0;
				GCC_PREPROCESSOR_DEFINITIONS = (
					"DEBUG=1",
					"$(inherited)",
				);
				GCC_WARN_64_TO_32_BIT_CONVERSION = YES;
				GCC_WARN_ABOUT_RETURN_TYPE = YES_ERROR;
				GCC_WARN_UNDECLARED_SELECTOR = YES;
				GCC_WARN_UNINITIALIZED_AUTOS = YES_AGGRESSIVE;
				GCC_WARN_UNUSED_FUNCTION = YES;
				GCC_WARN_UNUSED_VARIABLE = YES;
				IPHONEOS_DEPLOYMENT_TARGET = 9.1;
				MTL_ENABLE_DEBUG_INFO = YES;
				ONLY_ACTIVE_ARCH = YES;
				SDKROOT = iphoneos;
				SWIFT_OPTIMIZATION_LEVEL = "-Onone";
				TARGETED_DEVICE_FAMILY = "1,2";
			};
			name = Debug;
		};
		1A00E0961BF14E6A00E15BF0 /* Release */ = {
			isa = XCBuildConfiguration;
			buildSettings = {
				ALWAYS_SEARCH_USER_PATHS = NO;
				CLANG_CXX_LANGUAGE_STANDARD = "gnu++0x";
				CLANG_CXX_LIBRARY = "libc++";
				CLANG_ENABLE_MODULES = YES;
				CLANG_ENABLE_OBJC_ARC = YES;
				CLANG_WARN_BOOL_CONVERSION = YES;
				CLANG_WARN_CONSTANT_CONVERSION = YES;
				CLANG_WARN_DIRECT_OBJC_ISA_USAGE = YES_ERROR;
				CLANG_WARN_EMPTY_BODY = YES;
				CLANG_WARN_ENUM_CONVERSION = YES;
				CLANG_WARN_INT_CONVERSION = YES;
				CLANG_WARN_OBJC_ROOT_CLASS = YES_ERROR;
				CLANG_WARN_UNREACHABLE_CODE = YES;
				CLANG_WARN__DUPLICATE_METHOD_MATCH = YES;
				"CODE_SIGN_IDENTITY[sdk=iphoneos*]" = "iPhone Developer";
				COPY_PHASE_STRIP = NO;
				DEBUG_INFORMATION_FORMAT = "dwarf-with-dsym";
				ENABLE_NS_ASSERTIONS = NO;
				ENABLE_STRICT_OBJC_MSGSEND = YES;
				GCC_C_LANGUAGE_STANDARD = gnu99;
				GCC_NO_COMMON_BLOCKS = YES;
				GCC_WARN_64_TO_32_BIT_CONVERSION = YES;
				GCC_WARN_ABOUT_RETURN_TYPE = YES_ERROR;
				GCC_WARN_UNDECLARED_SELECTOR = YES;
				GCC_WARN_UNINITIALIZED_AUTOS = YES_AGGRESSIVE;
				GCC_WARN_UNUSED_FUNCTION = YES;
				GCC_WARN_UNUSED_VARIABLE = YES;
				IPHONEOS_DEPLOYMENT_TARGET = 9.1;
				MTL_ENABLE_DEBUG_INFO = NO;
				SDKROOT = iphoneos;
				TARGETED_DEVICE_FAMILY = "1,2";
				VALIDATE_PRODUCT = YES;
			};
			name = Release;
		};
		1A00E0981BF14E6A00E15BF0 /* Debug */ = {
			isa = XCBuildConfiguration;
			buildSettings = {
				ASSETCATALOG_COMPILER_APPICON_NAME = AppIcon;
				INFOPLIST_FILE = GitHubClient/Info.plist;
				IPHONEOS_DEPLOYMENT_TARGET = 8.0;
				LD_RUNPATH_SEARCH_PATHS = "$(inherited) @executable_path/Frameworks";
				PRODUCT_BUNDLE_IDENTIFIER = com.lynnkuhlman.GitHubClient;
				PRODUCT_NAME = "$(TARGET_NAME)";
			};
			name = Debug;
		};
		1A00E0991BF14E6A00E15BF0 /* Release */ = {
			isa = XCBuildConfiguration;
			buildSettings = {
				ASSETCATALOG_COMPILER_APPICON_NAME = AppIcon;
				INFOPLIST_FILE = GitHubClient/Info.plist;
				IPHONEOS_DEPLOYMENT_TARGET = 8.0;
				LD_RUNPATH_SEARCH_PATHS = "$(inherited) @executable_path/Frameworks";
				PRODUCT_BUNDLE_IDENTIFIER = com.lynnkuhlman.GitHubClient;
				PRODUCT_NAME = "$(TARGET_NAME)";
			};
			name = Release;
		};
		1A00E09B1BF14E6A00E15BF0 /* Debug */ = {
			isa = XCBuildConfiguration;
			buildSettings = {
				BUNDLE_LOADER = "$(TEST_HOST)";
				INFOPLIST_FILE = GitHubClientTests/Info.plist;
				LD_RUNPATH_SEARCH_PATHS = "$(inherited) @executable_path/Frameworks @loader_path/Frameworks";
				PRODUCT_BUNDLE_IDENTIFIER = com.lynnkuhlman.GitHubClientTests;
				PRODUCT_NAME = "$(TARGET_NAME)";
				TEST_HOST = "$(BUILT_PRODUCTS_DIR)/GitHubClient.app/GitHubClient";
			};
			name = Debug;
		};
		1A00E09C1BF14E6A00E15BF0 /* Release */ = {
			isa = XCBuildConfiguration;
			buildSettings = {
				BUNDLE_LOADER = "$(TEST_HOST)";
				INFOPLIST_FILE = GitHubClientTests/Info.plist;
				LD_RUNPATH_SEARCH_PATHS = "$(inherited) @executable_path/Frameworks @loader_path/Frameworks";
				PRODUCT_BUNDLE_IDENTIFIER = com.lynnkuhlman.GitHubClientTests;
				PRODUCT_NAME = "$(TARGET_NAME)";
				TEST_HOST = "$(BUILT_PRODUCTS_DIR)/GitHubClient.app/GitHubClient";
			};
			name = Release;
		};
		1A00E09E1BF14E6A00E15BF0 /* Debug */ = {
			isa = XCBuildConfiguration;
			buildSettings = {
				INFOPLIST_FILE = GitHubClientUITests/Info.plist;
				LD_RUNPATH_SEARCH_PATHS = "$(inherited) @executable_path/Frameworks @loader_path/Frameworks";
				PRODUCT_BUNDLE_IDENTIFIER = com.lynnkuhlman.GitHubClientUITests;
				PRODUCT_NAME = "$(TARGET_NAME)";
				TEST_TARGET_NAME = GitHubClient;
				USES_XCTRUNNER = YES;
			};
			name = Debug;
		};
		1A00E09F1BF14E6A00E15BF0 /* Release */ = {
			isa = XCBuildConfiguration;
			buildSettings = {
				INFOPLIST_FILE = GitHubClientUITests/Info.plist;
				LD_RUNPATH_SEARCH_PATHS = "$(inherited) @executable_path/Frameworks @loader_path/Frameworks";
				PRODUCT_BUNDLE_IDENTIFIER = com.lynnkuhlman.GitHubClientUITests;
				PRODUCT_NAME = "$(TARGET_NAME)";
				TEST_TARGET_NAME = GitHubClient;
				USES_XCTRUNNER = YES;
			};
			name = Release;
		};
/* End XCBuildConfiguration section */

/* Begin XCConfigurationList section */
		1A00E06A1BF14E6A00E15BF0 /* Build configuration list for PBXProject "GitHubClient" */ = {
			isa = XCConfigurationList;
			buildConfigurations = (
				1A00E0951BF14E6A00E15BF0 /* Debug */,
				1A00E0961BF14E6A00E15BF0 /* Release */,
			);
			defaultConfigurationIsVisible = 0;
			defaultConfigurationName = Release;
		};
		1A00E0971BF14E6A00E15BF0 /* Build configuration list for PBXNativeTarget "GitHubClient" */ = {
			isa = XCConfigurationList;
			buildConfigurations = (
				1A00E0981BF14E6A00E15BF0 /* Debug */,
				1A00E0991BF14E6A00E15BF0 /* Release */,
			);
			defaultConfigurationIsVisible = 0;
			defaultConfigurationName = Release;
		};
		1A00E09A1BF14E6A00E15BF0 /* Build configuration list for PBXNativeTarget "GitHubClientTests" */ = {
			isa = XCConfigurationList;
			buildConfigurations = (
				1A00E09B1BF14E6A00E15BF0 /* Debug */,
				1A00E09C1BF14E6A00E15BF0 /* Release */,
			);
			defaultConfigurationIsVisible = 0;
			defaultConfigurationName = Release;
		};
		1A00E09D1BF14E6A00E15BF0 /* Build configuration list for PBXNativeTarget "GitHubClientUITests" */ = {
			isa = XCConfigurationList;
			buildConfigurations = (
				1A00E09E1BF14E6A00E15BF0 /* Debug */,
				1A00E09F1BF14E6A00E15BF0 /* Release */,
			);
			defaultConfigurationIsVisible = 0;
			defaultConfigurationName = Release;
		};
/* End XCConfigurationList section */
	};
	rootObject = 1A00E0671BF14E6A00E15BF0 /* Project object */;
}
